hash: 3beafed73fe57c1b9c95e821cf07e812ae3db772481ee58658ded1c4c10f0af6
updated: 2016-08-17T10:46:38.944580082+02:00
imports:
- name: github.com/ajg/form
  version: cc2954064ec9ea8d93917f0f87456e11d7b881ad
- name: github.com/alecthomas/gocyclo
  version: aa8f8b160214d8dfccfe3e17e578dd0fcc6fede7
- name: github.com/alecthomas/template
  version: a0175ee3bccc567396460bf5acd36800cb10c49c
- name: github.com/alecthomas/units
  version: 2efee857e7cfd4f3d0138cc3cbb1b4966962b93a
- name: github.com/apparentlymart/go-cidr
  version: a3ebdb999b831ecb6ab8a226e31b07b2b9061c47
  subpackages:
  - cidr
- name: github.com/vaughan0/go-ini
  version: a98ad7ee00ec53921f08832bc06ecf7fd600e6a1
- name: github.com/apparentlymart/go-grafana-api
  version: d49f95c81c580a4e7a15244b9b12dce8f60750f4
- name: github.com/apparentlymart/go-rundeck-api
  version: 9bba1387e4a9102978478a16f76a742d9916005a
  subpackages:
  - rundeck
- name: github.com/armon/circbuf
  version: bbbad097214e2918d8543d5201d12bfd7bca254d
- name: github.com/armon/go-radix
  version: 4239b77079c7b5d1243b7b4736304ce8ddb6f0f2
- name: github.com/aws/aws-sdk-go
  version: 8041be5461786460d86b4358305fbdf32d37cfb2
  subpackages:
  - aws
  - aws/awserr
  - aws/awsutil
  - aws/client
  - aws/client/metadata
  - aws/corehandlers
  - aws/credentials
  - aws/credentials/ec2rolecreds
  - aws/credentials/stscreds
  - aws/defaults
  - aws/ec2metadata
  - aws/request
  - aws/session
  - aws/signer/v4
  - private/endpoints
  - private/protocol
  - private/protocol/ec2query
  - private/protocol/json/jsonutil
  - private/protocol/jsonrpc
  - private/protocol/query
  - private/protocol/query/queryutil
  - private/protocol/rest
  - private/protocol/restjson
  - private/protocol/restxml
  - private/protocol/xml/xmlutil
  - private/signer/v2
  - private/signer/v4
  - private/waiter
  - service/apigateway
  - service/applicationautoscaling
  - service/autoscaling
  - service/cloudformation
  - service/cloudfront
  - service/cloudtrail
  - service/cloudwatch
  - service/cloudwatchevents
  - service/cloudwatchlogs
  - service/codecommit
  - service/codedeploy
  - service/directoryservice
  - service/dynamodb
  - service/ec2
  - service/ecr
  - service/ecs
  - service/efs
  - service/elasticache
  - service/elasticbeanstalk
  - service/elasticsearchservice
  - service/elastictranscoder
  - service/elb
  - service/emr
  - service/firehose
  - service/glacier
  - service/iam
  - service/kinesis
  - service/kms
  - service/lambda
  - service/opsworks
  - service/rds
  - service/redshift
  - service/route53
  - service/s3
  - service/s3/s3manager
  - service/ses
  - service/simpledb
  - service/sns
  - service/sqs
  - service/sts
- name: github.com/Azure/azure-sdk-for-go
  version: 902d95d9f311ae585ee98cfd18f418b467d60d5a
  subpackages:
  - arm/cdn
  - arm/compute
  - arm/network
  - arm/resources/resources
  - arm/resources/subscriptions
  - arm/scheduler
  - arm/servicebus
  - arm/storage
  - arm/trafficmanager
  - core/http
  - core/tls
  - management
  - management/affinitygroup
  - management/hostedservice
  - management/location
  - management/networksecuritygroup
  - management/osimage
  - management/sql
  - management/storageservice
  - management/virtualmachine
  - management/virtualmachinedisk
  - management/virtualmachineimage
  - management/virtualnetwork
  - management/vmutils
  - storage
  - vendor/github.com/Azure/go-autorest/autorest
  - vendor/github.com/Azure/go-autorest/autorest/azure
  - vendor/github.com/Azure/go-autorest/autorest/date
  - vendor/github.com/Azure/go-autorest/autorest/to
  - vendor/github.com/dgrijalva/jwt-go
- name: github.com/Azure/go-autorest
  version: 6f40a8acfe03270d792cb8155e2942c09d7cff95
  subpackages:
  - autorest
  - autorest/azure
  - autorest/date
  - autorest/to
- name: github.com/barakmich/go-nyet
  version: 1aef95e73de8ed239b3610b25b9d4820d2536880
- name: github.com/bgentry/speakeasy
  version: 36e9cfdd690967f4f690c6edcc9ffacd006014a0
- name: github.com/boltdb/bolt
  version: dfb21201d9270c1082d5fb0f07f500311ff72f18
- name: github.com/BurntSushi/toml
  version: 99064174e013895bbd9b025c31100bd1d9b590ca
- name: github.com/caglar10ur/lxc
  version: 5429ec248a1090edde6285e4bc729641f6f79b57
- name: github.com/canthefason/go-watcher
  version: 732b348bdd1598f8ab0e6a5dcaa4a0a0595ed998
- name: github.com/cenkalti/backoff
  version: 32cd0c5b3aef12c76ed64aaf678f6c79736be7dc
- name: github.com/CenturyLinkCloud/clc-sdk
  version: a9fa34e3392fbe61aee146e90a106fad59a6013c
  subpackages:
  - aa
  - alert
  - api
  - dc
  - group
  - lb
  - server
  - status
- name: github.com/cheggaaa/pb
  version: 9453b2db37f4d8bc63751daca63bbe7049eb5e74
- name: github.com/chuckpreslar/inflect
  version: 423e3ac59c611e2d549527ab8c15fb99335d30ba
  subpackages:
  - languages
  - types
- name: github.com/cihangir/nisql
  version: 3b217dbbe4344d95b68eab27b87829934138bd5e
- name: github.com/cloudflare/cloudflare-go
  version: 1bef4b5a4aab0b06a9b4d47a1715f8fee5038583
- name: github.com/codahale/sneaker
  version: 3e52e64a6c73d7b793bb817c3c8f8078475c2094
- name: github.com/coreos/etcd
  version: 38c370a7c54fc64f58f9c329487d7104e353b549
  subpackages:
  - client
  - pkg/pathutil
  - pkg/types
- name: github.com/coreos/go-etcd
  version: 003851be7bb0694fe3cc457a49529a19388ee7cf
  subpackages:
  - etcd
- name: github.com/creack/goselect
  version: 40085cf5fd629ccd88dc328895f1f137d09a1de4
- name: github.com/cyberdelia/heroku-go
  version: 81c5afa1abcf69cc18ccc24fa3716b5a455c9208
  subpackages:
  - v3
- name: github.com/davecgh/go-spew
  version: 6cf5744a041a0022271cefed95ba843f6d87fd51
  subpackages:
  - spew
- name: github.com/dchest/uniuri
  version: 8902c56451e9b58ff940bbe5fec35d5f9c04584a
- name: github.com/dchest/validator
  version: 6e75c8ee02d3b9e46121fe1e0dbee699b5523ca3
- name: github.com/dgrijalva/jwt-go
  version: d2709f9f1f31ebcda9651b03077758c1f3a0018c
- name: github.com/digitalocean/godo
  version: 6ca5b770f203b82a0fca68d0941736458efa8a4f
- name: github.com/docker/docker
  version: 1e4068713bdc7ac57c5134ae0469dc7ecefb8445
  subpackages:
  - opts
  - pkg/archive
  - pkg/fileutils
  - pkg/homedir
  - pkg/idtools
  - pkg/ioutils
  - pkg/longpath
  - pkg/namesgenerator
  - pkg/pools
  - pkg/promise
  - pkg/random
  - pkg/stdcopy
  - pkg/system
- name: github.com/docker/engine-api
  version: c9fd33c91008b9c558a6ed1cb11a68dbe4db0493
  subpackages:
  - types/filters
  - types/mount
  - types/swarm
  - types/versions
- name: github.com/docker/go-units
  version: eb879ae3e2b84e2a142af415b679ddeda47ec71c
- name: github.com/DreamItGetIT/statuscake
  version: 6506c175c439e76531595d72f6eeb9aea9b3c1da
- name: github.com/dustin/go-humanize
  version: f3565c9525600a911af3bd34f8b535ea81b2a9e0
- name: github.com/dylanmei/iso8601
  version: 2075bf119b58e5576c6ed9f867b8f3d17f2e54d4
- name: github.com/dylanmei/winrmtest
  version: 025617847eb2cf9bd1d851bc3b22ed28e6245ce5
- name: github.com/Ensighten/udnssdk
  version: 9f1218928b30c6dec7f2c184c47286abc325deb9
  subpackages:
  - passwordcredentials
- name: github.com/f2prateek/clearbit-go
  version: 4e7a265b1ce40092963b7f0eb5bee68e5038b814
- name: github.com/fatih/camelcase
  version: f6a740d52f961c60348ebb109adde9f4635d7540
- name: github.com/fatih/color
  version: 87d4004f2ab62d0d255e0a38f1680aa534549fe3
- name: github.com/fatih/structs
  version: dc3312cb1a4513a366c4c9e622ad55c32df12ed3
- name: github.com/fsouza/go-dockerclient
  version: 841670ba850bb781355ac8d12f149fbd3337abbc
- name: github.com/garyburd/redigo
  version: 8873b2f1995f59d4bcdd2b0dc9858e2cb9bf0c13
  subpackages:
  - internal
  - redis
- name: github.com/go-chef/chef
  version: bf4e81635329d7a0fc8d7c858a899a72cdb69b9e
- name: github.com/go-ini/ini
  version: a2610b3a793cfa7fdf0b07038068af5ddc12aba1
- name: github.com/go-macaron/inject
  version: c5ab7bf3a307593cd44cb272d1a5beea473dd072
- name: github.com/go-macaron/session
  version: 66031fcb37a0fff002a1f028eb0b3a815c78306b
  subpackages:
  - memcache
  - mysql
  - postgres
  - redis
- name: github.com/go-sql-driver/mysql
  version: 0b58b37b664c21f3010e836f1b931e1d0b0b0685
- name: github.com/go-stack/stack
  version: 100eb0c0a9c5b306ca2fb4f165df21d80ada4b82
- name: github.com/gocql/gocql
  version: ba69baedc82708bc3af73c7f2655d108fbe72c23
  subpackages:
  - internal/lru
  - internal/murmur
  - internal/streams
- name: github.com/golang/protobuf
  version: b982704f8bb716bb608144408cff30e15fbde841
  subpackages:
  - proto
- name: github.com/golang/snappy
  version: d9eb7a3d35ec988b8585d4a0068e462c27d28380
- name: github.com/google/go-github
  version: b9698164669e386680621e2006cab02271257611
  subpackages:
  - github
- name: github.com/gopherjs/gopherjs
  version: 72e303cb5f235b23471872477b57e573dc1c71d0
  subpackages:
  - js
- name: github.com/gorilla/context
  version: 01ef6ff48fdcdcb29ae84f90f10f33dac24845a0
- name: github.com/gorilla/mux
  version: 0eeaf8392f5b04950925b8a69fe70f110fa7cbfc
- name: github.com/gorilla/schema
  version: a30fc2876ba631a279fc9207eb889f33f6c52d9f
- name: github.com/gorilla/websocket
  version: b258b4fadb573ac412f187b9f31974ea99d32f50
- name: github.com/gosimple/slug
  version: 8d258463b4459f161f51d6a357edacd3eef9d663
- name: github.com/grafana/grafana
  version: 6fae5a3b4ebda47263020b9802d8cb250c7f7953
  subpackages:
  - pkg/api/dtos
  - pkg/bus
  - pkg/components/simplejson
  - pkg/log
  - pkg/models
  - pkg/plugins
  - pkg/setting
  - pkg/util
- name: github.com/hailocab/go-hostpool
  version: e80d13ce29ede4452c43dea11e79b9bc8a15b478
- name: github.com/hashicorp/atlas-go
  version: 9be9a611a15ba2f857a99b332fd966896867299a
  subpackages:
  - archive
  - v1
- name: github.com/hashicorp/consul
  version: 8dfdef642490362c595dad5e90af52e7caee4bad
  subpackages:
  - api
- name: github.com/hashicorp/errwrap
  version: 7554cd9344cec97297fa6649b055a8c98c2a1e55
- name: github.com/hashicorp/go-cleanhttp
  version: 875fb671b3ddc66f8e2f0acc33829c8cb989a38d
- name: github.com/hashicorp/go-getter
  version: 3d6040e1c4b972f6634c5aafb08901f916c5ee3c
  subpackages:
  - helper/url
- name: github.com/hashicorp/go-multierror
  version: 8c5f0ad9360406a3807ce7de6bc73269a91a6e51
- name: github.com/hashicorp/go-plugin
  version: 8cf118f7a2f0c7ef1c82f66d4f6ac77c7e27dc12
- name: github.com/hashicorp/go-retryablehttp
  version: f4ed9b0fa01a2ac614afe7c897ed2e3d8208f3e8
- name: github.com/hashicorp/go-rootcerts
  version: 6bb64b370b90e7ef1fa532be9e591a81c3493e00
- name: github.com/hashicorp/go-uuid
  version: 73d19cdc2bf00788cc25f7d5fd74347d48ada9ac
- name: github.com/hashicorp/go-version
  version: 7e3c02b30806fa5779d3bdfc152ce4c6f40e7b38
- name: github.com/djherbis/times
  version: f32f20272740f44736e74432b116dfd4cf5f9126
- name: github.com/hashicorp/golang-lru
  version: 0a025b7e63adc15a622f29b0b2c4c3848243bbf6
  subpackages:
  - simplelru
- name: github.com/hashicorp/hcl
  version: 80e628d796135357b3d2e33a985c666b9f35eee1
  subpackages:
  - hcl/ast
  - hcl/fmtcmd
  - hcl/parser
  - hcl/printer
  - hcl/scanner
  - hcl/strconv
  - hcl/token
  - json/parser
  - json/scanner
  - json/token
- name: github.com/hashicorp/hil
  version: fac2259da677551de1fb92b844c4d020a38d8468
  subpackages:
  - ast
- name: github.com/hashicorp/logutils
  version: 0dc08b1671f34c4250ce212759ebd880f743d883
- name: github.com/hashicorp/serf
  version: 9432bc08aa8d486e497e27f84878ebbe8c1eab66
  subpackages:
  - coordinate
- name: github.com/hashicorp/terraform
  version: 5d7e0339779dbe5ca8d0f639a141353b6aa54d7b
  subpackages:
  - builtin/providers/archive
  - builtin/providers/atlas
  - builtin/providers/aws
  - builtin/providers/azure
  - builtin/providers/azurerm
  - builtin/providers/chef
  - builtin/providers/clc
  - builtin/providers/cloudflare
  - builtin/providers/cloudstack
  - builtin/providers/cobbler
  - builtin/providers/consul
  - builtin/providers/datadog
  - builtin/providers/digitalocean
  - builtin/providers/dme
  - builtin/providers/dnsimple
  - builtin/providers/docker
  - builtin/providers/dyn
  - builtin/providers/fastly
  - builtin/providers/github
  - builtin/providers/google
  - builtin/providers/grafana
  - builtin/providers/heroku
  - builtin/providers/influxdb
  - builtin/providers/librato
  - builtin/providers/logentries
  - builtin/providers/mailgun
  - builtin/providers/mysql
  - builtin/providers/null
  - builtin/providers/openstack
  - builtin/providers/packet
  - builtin/providers/postgresql
  - builtin/providers/powerdns
  - builtin/providers/random
  - builtin/providers/rundeck
  - builtin/providers/scaleway
  - builtin/providers/softlayer
  - builtin/providers/statuscake
  - builtin/providers/template
  - builtin/providers/terraform
  - builtin/providers/test
  - builtin/providers/tls
  - builtin/providers/triton
  - builtin/providers/ultradns
  - builtin/providers/vcd
  - builtin/providers/vsphere
  - builtin/provisioners/chef
  - builtin/provisioners/file
  - builtin/provisioners/local-exec
  - builtin/provisioners/remote-exec
  - command
  - communicator
  - communicator/remote
  - communicator/ssh
  - communicator/winrm
  - config
  - config/module
  - dag
  - dot
  - flatmap
  - helper/config
  - helper/hashcode
  - helper/hilmapstructure
  - helper/logging
  - helper/mutexkv
  - helper/pathorcontents
  - helper/resource
  - helper/schema
  - helper/signalwrapper
  - plugin
  - state
  - state/remote
  - terraform
- name: github.com/hashicorp/yamux
  version: df949784da9ed028ee76df44652e42d37a09d7e4
- name: github.com/henrikhodne/go-librato
  version: 6e9aa4b1a8a8b735ad14b4f1c9542ef183e82dc2
  subpackages:
  - librato
- name: github.com/hmrc/vmware-govcd
  version: 8dc9fc011e97899e74f8b45ed16ac10aff8b9457
  subpackages:
  - types/v56
- name: github.com/howeyc/fsnotify
  version: 441bbc86b167f3c1f4786afae9931403b99fdacf
- name: gopkg.in/zorkian/go-datadog-api.v2
  version: 267f4d3cb12d1eb1895d4b7a7893cf37e4213dd7
- name: github.com/hpcloud/tail
  version: a30252cb686a21eb2d0b98132633053ec2f7f1e5
  subpackages:
  - ratelimiter
  - util
  - watch
  - winfile
- name: github.com/imdario/mergo
  version: 50d4dbd4eb0e84778abe37cefef140271d96fade
- name: github.com/inconshreveable/go-update
  version: 8152e7eb6ccf8679a64582a66b78519688d156ad
  subpackages:
  - internal/binarydist
  - internal/osext
- name: github.com/inconshreveable/log15
  version: 20bca5a7a57282e241fac83ec9ea42538027f1c1
  subpackages:
  - term
- name: github.com/inconshreveable/mousetrap
  version: 76626ae9c91c4f2a10f34cad8ce83ea42c93bb75
- name: github.com/influxdata/influxdb
  version: a0004b68577cdbfc921463404eab839c50f14a0c
  subpackages:
  - client
  - models
  - pkg/escape
- name: github.com/jacobsa/fuse
  version: dc1be2d5b8abc34991a649f7499f9f673e36bb46
- name: github.com/jehiah/go-strftime
  version: 834e15c05a45371503440cc195bbd05c9a0968d9
- name: github.com/jen20/riviera
  version: 1159d86fc8144abafeb29ee7c5a3e2e85af336ba
  subpackages:
  - azure
  - dns
  - search
  - sql
- name: github.com/jinzhu/gorm
  version: 35a2a004d880453f0bbd3716bcc63da1cb15b77b
- name: github.com/jinzhu/inflection
  version: 74387dc39a75e970e7a3ae6a3386b5bd2e5c5cff
- name: github.com/jinzhu/now
  version: d9861969c7a7e84746d341c09020c2ef8a617f8f
- name: github.com/jmespath/go-jmespath
  version: c01cf91b011868172fdcd9f41838e80c9d716264
- name: github.com/joyent/gocommon
  version: 59cfa41ecbf4d201797ca86fc51360d52c2ee00d
  subpackages:
  - client
  - errors
  - http
  - jpc
- name: github.com/joyent/gosdc
  version: 042c6e9de2b48a646d310e70cc0050c83fe18200
  subpackages:
  - cloudapi
- name: github.com/joyent/gosign
  version: 8978c75ffefb3f63a977ad9cbfce40caeb40177e
  subpackages:
  - auth
- name: github.com/jteeuwen/go-bindata
  version: a0ff2567cfb70903282db057e799fd826784d41d
  subpackages:
  - go-bindata
- name: github.com/jtolds/gls
  version: 8ddce2a84170772b95dd5d576c48d517b22cac63
- name: github.com/jtopjian/cobblerclient
  version: 53d1c0a0b003aabfa7ecfa848d856606cb481196
- name: github.com/juju/ratelimit
  version: 77ed1c8a01217656d2080ad51981f6e99adaa177
- name: github.com/kardianos/osext
  version: c2c54e542fb797ad986b31721e1baedf214ca413
- name: github.com/kennygrant/sanitize
  version: ce9fd1f6ce32afaa38b51feea32320fc8875e8e4
- name: github.com/kisielk/gotool
  version: 94d5dba705240ba73ce5d65d83ce44adc749b440
- name: github.com/koding/asgd
  version: a7daa13038928737b0f224e16c280e545d2375d1
- name: github.com/koding/bongo
  version: 9e24c1467f6a1bb93ea975d1f08b0467cfbaa105
- name: github.com/koding/broker
  version: d428c9ddade0454b3abeca1163ad14060b593121
- name: github.com/koding/cache
  version: ded542abf1e4d89c8bffc5b28faa817e42a6487e
- name: github.com/koding/ec2dynamicdata
  version: 56f69f128b37c6bdfd61a6cac4b4b87e517fa2ee
- name: github.com/koding/eventexporter
  version: 8c411a9ed989426b2aa5bbcc6c9515cb3c76caf5
- name: github.com/koding/integration
  version: 3b2ca892270503b8ca590d9d0b58df6db60bb7b5
  subpackages:
  - helpers
  - services
- name: github.com/koding/kite
  version: 656c6e46843887d6336831ade1a4e89c01e0733d
  subpackages:
  - config
  - dnode
  - kitectl
  - kitectl/command
  - kitekey
  - kitetest
  - kontrol
  - kontrol/onceevery
  - kontrol/protocol
  - protocol
  - reverseproxy
  - sockjsclient
  - systeminfo
  - testkeys
  - testutil
  - utils
- name: github.com/koding/logging
  version: 8b5a689ed69b1c7cd1e3595276fc2a352d7818e0
- name: github.com/koding/metrics
  version: f0a635a6f6b95045c3e183c86e49ff00ab640af2
- name: github.com/koding/multiconfig
  version: 69c27309b2d751c576b59ea9c3726597c2375da3
- name: github.com/koding/passwd
  version: 68f4dfed95ab896a23ea76ed08fbb2b5a874339e
- name: github.com/koding/pubnub
  version: ec1bf44bfa0f3f21e0db7272e98bbf5309a6cd36
- name: github.com/koding/rabbitmq
  version: 85d8cac01c9bf45a9ad3c2c1a53640143e3f632a
- name: github.com/koding/redis
  version: cee969b1405e3dbe3ee5794c10f0129267440941
- name: github.com/koding/runner
  version: 4731344e1a09114928a27d9b34e7d546f334d366
- name: github.com/koding/service
  version: dbfe8e758e4eea0c83496bb93751f65dc83c1bf1
- name: github.com/koding/sshkey
  version: 1394f67258c7dca5203b1dc75c50d0b9f5762cd0
- name: github.com/koding/terraform-provider-github
  version: 87ee82aca4229425971e2ca11a76f4e753b6da8f
  subpackages:
  - cmd/provider-github
- name: github.com/koding/tunnel
  version: b32c339ebea44867d633ac4d1a316f1fdac016e6
  subpackages:
  - proto
- name: github.com/koding/vagrantutil
  version: 8c62faaf2409b722ec49275cee16ea85ca2fb6d5
- name: github.com/kolo/xmlrpc
  version: 0826b98aaa29c0766956cb40d45cf7482a597671
- name: github.com/kr/binarydist
  version: 3035450ff8b987ec4373f65c40767f096b35f2d2
- name: github.com/google/shlex
  version: 6f45313302b9c56850fc17f99e40caebce98c716
- name: github.com/kr/fs
  version: 2788f0dbd16903de03cb8186e5c7d97b69ad387b
- name: github.com/kr/pty
  version: ce7fa45920dc37a92de8377972e52bc55ffa8d57
- name: github.com/kylemcc/twitter-text-go
  version: 943759e129698db4267896ca665eab9269814fe2
  subpackages:
  - extract
- name: github.com/lann/builder
  version: f22ce00fd9394014049dad11c244859432bd6820
- name: github.com/lann/ps
  version: 62de8c46ede02a7675c4c79c84883eb164cb71e3
- name: github.com/lann/squirrel
  version: caff2d522d550f0998629c85898ad35e8a603328
- name: github.com/lib/pq
  version: 8837942c3e09574accbc5f150e2c5e057189cace
  subpackages:
  - oid
- name: github.com/logentries/le_goclient
  version: f6d02e2fca401d3550e08a292f54b0efb6a578f0
- name: github.com/lusis/go-artifactory
  version: a0fc9da5e0c3f562c1ce9134bde8097175ea8e40
  subpackages:
  - src/artifactory.v401
- name: github.com/mailgun/mailgun-go
  version: 1e3b6e0a57e91d6d38786e264afc5d6fbe5fd28f
- name: github.com/martint17r/osin-mongo-storage
  version: 7b47ea45511607aaa2c606cbe3e6d797cd502eff
  subpackages:
  - mgostore
- name: github.com/masterzen/simplexml
  version: 95ba30457eb1121fa27753627c774c7cd4e90083
  subpackages:
  - dom
- name: github.com/masterzen/winrm
  version: 54ea5d01478cfc2afccec1504bd0dfcd8c260cfa
  subpackages:
  - soap
  - winrm
- name: github.com/masterzen/xmlpath
  version: 13f4951698adc0fa9c1dda3e275d489a24201161
- name: github.com/mattes/migrate
  version: 9bb037339f0f7d2c7591ef148a5cbf78ff65d9b8
  subpackages:
  - driver
  - driver/bash
  - driver/cassandra
  - driver/mysql
  - driver/postgres
  - driver/sqlite3
  - file
  - migrate
  - migrate/direction
  - pipe
- name: github.com/mattn/go-colorable
  version: ed8eb9e318d7a84ce5915b495b7d35e0cfe7b5a8
- name: github.com/mattn/go-isatty
  version: 56b76bdf51f7708750eac80fa38b952bb9f32639
- name: github.com/mattn/go-sqlite3
  version: c3e9588849195eefa783417c3a53d092f6e93526
- name: github.com/maximilien/softlayer-go
  version: 1d4217550aef2c9207aeae5a93c7ce5c3c91ef21
  subpackages:
  - client
  - common
  - data_types
  - services
  - softlayer
- name: github.com/mitchellh/cli
  version: fcf521421aa29bde1d93b6920dfce826d7932208
- name: github.com/mitchellh/colorstring
  version: 8631ce90f28644f54aeedcb3e389a85174e067d1
- name: github.com/mitchellh/copystructure
  version: cdac8253d00f2ecf0a0b19fbff173a9a72de4f82
- name: github.com/mitchellh/go-fs
  version: a34c1b9334e86165685a9449b782f20465eb8c69
  subpackages:
  - fat
- name: github.com/mitchellh/go-homedir
  version: d682a8f0cf139663a984ff12528da460ca963de9
- name: github.com/mitchellh/go-linereader
  version: 07bab5fdd9580500aea6ada0e09df4aa28e68abd
- name: github.com/mitchellh/goamz
  version: caaaea8b30ee15616494ee68abd5d8ebbbef05cf
  subpackages:
  - aws
  - ec2
  - elb
- name: github.com/mitchellh/iochan
  version: 87b45ffd0e9581375c491fef3d32130bb15c5bd7
- name: github.com/mitchellh/mapstructure
  version: d0303fe809921458f417bcf828397a65db30a7e4
- name: github.com/mitchellh/multistep
  version: 162146fc57112954184d90266f4733e900ed05a5
- name: github.com/mitchellh/osext
  version: 5e2d6d41470f99c881826dedd8c526728b783c9c
- name: github.com/mitchellh/packer
  version: 2a5ca026f15b301319ea3657b24528efaacaebd3
  subpackages:
  - builder/amazon/common
  - builder/amazon/ebs
  - builder/digitalocean
  - common
  - common/ssh
  - common/uuid
  - communicator/none
  - communicator/ssh
  - communicator/winrm
  - helper/communicator
  - helper/config
  - packer
  - provisioner/file
  - provisioner/shell
  - template
  - template/interpolate
- name: github.com/mitchellh/reflectwalk
  version: eecf4c70c626c7cfbb95c90195bc34d386c74ac6
- name: github.com/moul/anonuuid
  version: 609b752a95effbbef26d134ac18ed6f57e01b98e
- name: github.com/moul/gotty-client
  version: 92f0c24d5b2985522174e3ff5ad882a1c4d7f1d9
- name: github.com/narqo/go-dogstatsd-parser
  version: cc11c25c4b3c0dc684c0025140bec1ee5984b558
- name: github.com/nesv/go-dynect
  version: 2dc6a86cf75ce4b33516d2a13c9c0c378310cf3b
  subpackages:
  - dynect
- name: github.com/nlopes/slack
  version: b7940f209838f93dc7ab0d823145513c9660f22a
- name: github.com/nu7hatch/gouuid
  version: 179d4d0c4d8d407a32af483c2354df1d2c91e6c3
- name: github.com/DataDog/datadog-go
  version: 6fa3e39b86f8cbb638a971f2a90b9ebd98074c6b
- name: github.com/op/go-logging
  version: a501b20b448435cb5117a49fbfda7ff64adeb2cd
- name: github.com/opencontainers/runc
  version: aee3f6ff5a43709354e30b012bd4f7db3fa2ef9d
  subpackages:
  - libcontainer/system
  - libcontainer/user
- name: github.com/opennota/check
  version: 5b00aacd5639507d2b039245a278ec9f5505509f
  subpackages:
  - cmd/varcheck
- name: github.com/oschwald/geoip2-golang
  version: a612e006717fae98bcdd24877ffc3eac808e6b21
- name: github.com/oschwald/maxminddb-golang
  version: f4aa55714a3f843869ca9a38625e177a627c1ce6
- name: github.com/packer-community/winrmcp
  version: f1bcf36a69fa2945e65dd099eee11b560fbd3346
  subpackages:
  - winrmcp
- name: github.com/packethost/packngo
  version: 7cd5fed006859e86dd5641a6cf9812e855b7574a
- name: github.com/pborman/uuid
  version: c55201b036063326c5b1b89ccfe45a184973d073
- name: github.com/pearkes/dnsimple
  version: 78996265f576c7580ff75d0cb2c606a61883ceb8
- name: github.com/pearkes/mailgun
  version: b88605989c4141d22a6d874f78800399e5bb7ac2
- name: github.com/pkg/errors
  version: a22138067af1c4942683050411a841ade67fe1eb
- name: github.com/pkg/sftp
  version: e84cc8c755ca39b7b64f510fe1fffc1b51f210a5
- name: github.com/pubnub/go
  version: 877250964fc316c67994cd7cad5870828fa35a07
  subpackages:
  - messaging
- name: github.com/pubnub/go-vcr
  version: dce903a128d986ff9193994098bc078166e1dee8
- name: github.com/racker/perigee
  version: 44a7879d89b7040bcdb51164a83292ef5bf9deec
- name: github.com/rainycape/unidecode
  version: 836ef0a715aedf08a12d595ed73ec8ed5b288cac
- name: github.com/RangelReale/osin
  version: 413612f25cea962070289aa09fbc6bbb1250e226
- name: github.com/rcrowley/go-metrics
  version: bdb33529eca3e55eac7328e07c57012a797af602
- name: github.com/rcrowley/go-tigertonic
  version: 1199db5ea2f29309e20f6c70009b21e7e8810d6e
  subpackages:
  - mocking
- name: github.com/remyoudompheng/go-misc
  version: 8bcb337ff4db3eee34a771bcb93e01b6e679e575
  subpackages:
  - deadcode
- name: github.com/renstrom/fuzzysearch
  version: 2d205ac6ec17a839a94bdbfd16d2fa6c6dada2e0
  subpackages:
  - fuzzy
- name: github.com/rjeczalik/gh
  version: 0b95825ced151ede9a6d957bc35e43de5ca2aef2
  subpackages:
  - webhook
- name: github.com/robfig/cron
  version: b024fc5ea0e34bc3f83d9941c8d60b0622bfaca4
- name: github.com/rogpeppe/go-charset
  version: e9ff06f347d3f5d0013d59ed83754f0e88de10d4
  subpackages:
  - charset
  - data
- name: github.com/ryanuber/columnize
  version: 9b3edd62028f107d7cabb19353292afd29311a4e
- name: github.com/samuel/go-zookeeper
  version: e64db453f3512cade908163702045e0f31137843
- name: github.com/satori/go.uuid
  version: 879c5887cd475cd7864858769793b2ceb0d44feb
- name: github.com/scaleway/scaleway-cli
  version: 4800da00e5339303ce65dfe3a6b2efe2c2b6b2ee
  subpackages:
  - pkg/api
  - pkg/scwversion
  - pkg/sshcommand
  - pkg/utils
- name: github.com/segmentio/analytics-go
  version: 2d840d861c322bdf5346ba7917af1c2285e653d3
- name: github.com/segmentio/backo-go
  version: 204274ad699c0983a70203a566887f17a717fef4
- name: github.com/sendgrid/rest
  version: d37acbf70185e33da36a233f4df95848b052427c
- name: github.com/sendgrid/sendgrid-go
  version: 7833a550f6b86bf960b1a28e35578c3b13d59d4e
- name: github.com/sethvargo/go-fastly
  version: 94c6f69c425343e33efae9ae20da5da5ef6a8334
- name: github.com/siesta/neo4j
  version: da0f3ffca5b3ebafaac6284af378baff0ebf8725
- name: github.com/Sirupsen/logrus
  version: 6d9ae300aaf85d6acd2e5424081c7fcddb21dab8
- name: github.com/smartystreets/goconvey
  version: d4c757aa9afd1e2fc1832aaab209b5794eb336e1
  subpackages:
  - convey
  - convey/gotest
  - convey/reporting
- name: github.com/soniah/dnsmadeeasy
  version: 5578a8c15e33958c61cf7db720b6181af65f4a9e
- name: github.com/spf13/cobra
  version: 8d4ce3549a0bf0e3569df3aae7423b7743cd05a9
  subpackages:
  - cobra
- name: github.com/spf13/pflag
  version: e57e3eeb33f795204c1ca35f56c44f83227c6e66
- name: github.com/sthulb/mime
  version: 698462dc9685d7743511c26da726c1b0c1cfb111
  subpackages:
  - multipart
- name: github.com/streadway/amqp
  version: 2e25825abdbd7752ff08b270d313b93519a0a232
- name: github.com/streadway/simpleuuid
  version: 6617b501e485b77e61b98cd533aefff9e258b5a7
- name: github.com/stripe/stripe-go
  version: d260377cdf1c5e7d3c333d411085d270158d2f0b
- name: github.com/stvp/slug
  version: 5ab8191bb1fecafb3e73d3dc71cc81585ec57e5d
- name: github.com/tent/http-link-go
  version: ac974c61c2f990f4115b119354b5e0b47550e888
- name: github.com/ugorji/go
  version: 646ae4a518c1c3be0739df898118d9bccf993858
  subpackages:
  - codec
- name: github.com/Unknwon/com
  version: d9bcf409c8a368d06c9b347705c381e7c12d54df
- name: github.com/VerbalExpressions/GoVerbalExpressions
  version: 9cfb19cb04c9f48489be15cbacac3d3af9d7706a
- name: github.com/vmware/govmomi
  version: 3ba7600f96f133959cd5235e354cb81056e30ce7
  subpackages:
  - find
  - list
  - object
  - property
  - session
  - task
  - vim25
  - vim25/debug
  - vim25/methods
  - vim25/mo
  - vim25/progress
  - vim25/soap
  - vim25/types
  - vim25/xml
- name: github.com/xanzy/go-cloudstack
  version: 1e2cbf647e57fa90353612074fdfc42faf5073bf
  subpackages:
  - cloudstack
- name: github.com/xanzy/ssh-agent
  version: ba9c9e33906f58169366275e3450db66139a31a9
- name: github.com/xtgo/uuid
  version: a0b114877d4caeffbd7f87e3757c17fce570fea7
- name: github.com/ziutek/mymysql
  version: 8787d5581eb63f3f3b447f40c13f8e69e73f1b58
  subpackages:
  - mysql
  - native
  - thrsafe
- name: github.com/zorkian/go-datadog-api
  version: 178291ca485aa5eeea1299d6eedc9d0729d79ff9
- name: golang.org/x/crypto
  version: b080dc9a8c480b08e698fb1219160d598526310f
  subpackages:
  - curve25519
  - ed25519
  - ed25519/internal/edwards25519
  - pkcs12
  - pkcs12/internal/rc2
  - ssh
  - ssh/agent
  - ssh/terminal
- name: golang.org/x/net
  version: c7086645de248775cbf2373cf5ca4d2fa664b8c1
  subpackages:
  - context
  - context/ctxhttp
  - html
  - html/atom
  - internal/timeseries
  - trace
  - websocket
- name: golang.org/x/sync
  version: fd80eb99c8f653c847d294a001bdf2a3a6f768f5
  subpackages:
  - errgroup
- name: golang.org/x/oauth2
  version: f95fa95eaa936d9d87489b15d1d18b97c1ba9c28
  subpackages:
  - google
  - internal
  - jws
  - jwt
- name: golang.org/x/sys
  version: 4ff8c001ce4cc464e644b922325097228fce14d8
  subpackages:
  - unix
  - windows
  - windows/registry
  - windows/svc
  - windows/svc/eventlog
  - windows/svc/mgr
- name: golang.org/x/text
  version: 88f656faf3f37f690df1a32515b479415e1a6769
  subpackages:
  - transform
  - unicode/norm
- name: golang.org/x/arch
  version: 077ac972c2e48fdb75168a5ba36a387f0c72d8aa
- name: golang.org/x/tools
  version: 6d70fb2e85323e81c89374331d3d2b93304faa36
  subpackages:
  - go/loader
  - go/types
- name: google.golang.org/api
  version: ff0a1ff302946b997eb1832381419d1f95143483
  subpackages:
  - compute/v1
  - container/v1
  - dns/v1
  - drive/v2
  - gensupport
  - googleapi
  - googleapi/internal/uritemplates
  - pubsub/v1
  - sqladmin/v1beta4
  - storage/v1
- name: google.golang.org/appengine
  version: c5a90ac045b779001847fec87403f5cba090deae
  subpackages:
  - internal
  - internal/app_identity
  - internal/base
  - internal/datastore
  - internal/log
  - internal/modules
  - internal/remote_api
  - internal/urlfetch
  - urlfetch
- name: google.golang.org/cloud
  version: 5a3b06f8b5da3b7c3a93da43163b872c86c509ef
  subpackages:
  - compute/metadata
  - internal
- name: gopkg.in/fatih/set.v0
  version: 27c40922c40b43fe04554d8223a402af3ea333f3
- name: gopkg.in/fsnotify.v1
  version: a8a77c9133d2d6fd8334f3260d06f60e8d80a5fb
- name: gopkg.in/igm/sockjs-go.v2
  version: c8cd214dfc5fc2aae33c123ae7bdee687436713a
  subpackages:
  - sockjs
- name: gopkg.in/inf.v0
  version: 3887ee99ecf07df5b447e9b00d9c0b2adaa9f3e4
- name: gopkg.in/alecthomas/kingpin.v2
  version: 1087e65c9441605df944fb12c33f0fe7072d18ca
- name: gopkg.in/alecthomas/kingpin.v3-unstable
  version: 23bcc3c4eae3c47e1384a1aef1d611e5603b8dfc
- name: gopkg.in/ini.v1
  version: 177219109c97e7920c933e21c9b25f874357b237
- name: gopkg.in/macaron.v1
  version: 1c6dd87797ae9319b4658cbd48d1d0420b279fd5
- name: gopkg.in/mgo.v2
  version: 01084657862d7b12d3b10ffd0394357abf8f8bc2
  subpackages:
  - bson
  - internal/json
  - internal/sasl
  - internal/scram
- name: gopkg.in/throttled/throttled.v2
  version: b5675e93f9d999b22f92d859a5bf2138d3641af4
  subpackages:
  - store/memstore
  - store/redigostore
- name: gopkg.in/tomb.v1
  version: dd632973f1e7218eb1089048e0798ec9ae7dceb8
- name: cloud.google.com/go/compute/metadata
  version: 4c4584f3b5aa40a0217ea68afc9adad12b38eca1
- name: gopkg.in/yaml.v2
  version: 25c4ec802a7d637f88d584ab26798e94ad14c13b
- name: labix.org/v2/mgo
  version: "287"
  subpackages:
  - bson
- name: github.com/digitalocean/godo
  version: 2ff8a02a86cd6918b384a5000ceebe886844fbce
- name: github.com/google/go-querystring/query
  version: 9235644dd9e52eeae6fa48efd539fdc351a0af53
- name: github.com/tent/http-link-go
  version: ac974c61c2f990f4115b119354b5e0b47550e888
- name: github.com/Azure/azure-sdk-for-go
  version: 91f3d4a4d024e3c0d4d9412916d05cf84504a616
- name: github.com/Banno/terraform-provider-marathon
  version: 1ccf8237686780c3e77fefe173293de31199b7ea
- name: github.com/gambol99/go-marathon
  version: 8eb32fcc2ee7946a9b8927c66e143e6c9c48100c
- name: github.com/donovanhide/eventsource
  version: fd1de70867126402be23c306e1ce32828455d85b
- name: github.com/go-openapi/runtime
  version: 75dade37acfd95d51485114793cdc443991ef328
- name: github.com/go-openapi/validate
  version: b11dbf889b64cf815a7e2667412df313f4a3f17b
- name: github.com/go-openapi/swag
  version: 96d7b9ebd181a1735a1c9ac87914f2b32fbf56c9
- name: github.com/go-openapi/strfmt
  version: 505012778ef0246e2c9dddcc5a2eaa2ce44add27
- name: github.com/go-openapi/errors
  version: fc3f73a224499b047eda7191e5d22e1e9631e86f
- name: github.com/mailru/easyjson
  version: 159cdb893c982e3d1bc6450322fedd514f9c9de3
- name: github.com/go-openapi/loads
  version: bf98340e04734f11563fd3008e87be4c1d4ffc08
- name: github.com/go-openapi/jsonpointer
  version: 779f45308c19820f1a69e9a4cd965f496e0da10f
- name: github.com/go-openapi/analysis
  version: d5a75b7d751ca3f11ad5d93cfe97405f2c3f6a47
- name: github.com/asaskevich/govalidator
  version: 7b3beb6df3c42abd3509abfc3bcacc0fbfb7c877
- name: github.com/go-openapi/spec
  version: 3a0434164aa36744c7ba29b822d36894a1e5ec96
- name: github.com/go-openapi/jsonreference
  version: 36d33bfe519efae5632669801b180bf1a245da3b
- name: github.com/PuerkitoBio/purell
  version: 0bcb03f4b4d0a9428594752bd2a3b9aa0a9d4bd4
- name: github.com/docker/go-units
  version: 8a7beacffa3009a9ac66bad506b18ffdd110cf97
- name: github.com/stretchr/testify
  version: 05e8a0eda380579888eb53c394909df027f06991
- name: github.com/dustin/go-humanize
  version: 7a41df006ff9af79a29f0ffa9c5f21fbe6314a2d
- name: github.com/PuerkitoBio/urlesc
  version: 5bd2802263f21d8788851d5305584c82a5c75d7e
- name: github.com/jacobsa/oglematchers
  version: 141901ea67cd4769c6800aa7bfdfc558fa22bda5
- name: github.com/jacobsa/ogletest
  version: 2a5b07c33c04a549316a1f6a10a4fe396d1aca89
- name: g§ithub.com/jacobsa/syncutil
  version: c39ef5c1aa0b8fae9504e0146ba34c3922d69dc0
- name: github.com/jacobsa/timeutil
  version: 7106ba3aceaa475584d7d2a68795027a5e080f2b
- name: github.com/jacobsa/oglemock
  version: e94d794d06ffc6de42cb19d0dab3c219efdd6dcf
- name: github.com/jacobsa/reqtrace
  version: 245c9e0234cb2ad542483a336324e982f1a22934
- name: github.com/kylelemons/godebug
  version: d99083b96f422f8fd5a93bc02040acec769e178f
- name: github.com/mitchellh/ioprogress
  version: 8163955264568045f462ae7e2d6d07b2001fc997
- name: github.com/skratchdot/open-golang
  version: 75fb7ed4208cf72d323d7d02fd1a5964a7a9073c
- name: github.com/hashicorp/go-plugin
  version: b7d6477501c13292d71fd3b8e688269e51b028ba
testImports:
- name: github.com/vaughan0/go-ini
  version: a98ad7ee00ec53921f08832bc06ecf7fd600e6a1
