hash: 7407050cee9bb9ce89e23ef26bce4051cce63d558338a4937f027a18b789e3a1
updated: 2016-04-11T17:13:03.6445323-07:00
imports:
- name: github.com/Azure/go-autorest
  version: b01ec2b60f95678fa759f796bac3c6b9bceaead4
  subpackages:
  - autorest
  - autorest/azure
  - autorest/date
  - autorest/to
- name: github.com/dgrijalva/jwt-go
  version: b446e078d613dc395bf50b08884acbeafb19ce50
- name: golang.org/x/crypto
  version: 3fbbcd23f1cb824e69491a5930cfeff09b12f4d2
  subpackages:
  - pkcs12
  - pkcs12/internal/rc2
- name: gopkg.in/check.v1
  version: 4f90aeace3a26ad7021961c297b22c42160c7b25
devImports: []
